
Microsoft Visual Studio Solution File, Format Version 12.00
# Visual Studio Version 17
VisualStudioVersion = 17.5.2.0
MinimumVisualStudioVersion = 10.0.40219.1
Project("{FAE04EC0-301F-11D3-BF4B-00C04F79EFBC}") = "KayakCove.Domain", "KayakCove.Domain\KayakCove.Domain.csproj", "{6368DACA-8712-449D-87B7-96FA52DA6062}"
EndProject
Project("{FAE04EC0-301F-11D3-BF4B-00C04F79EFBC}") = "KayakCove.Infrastructure", "KayakCove.Infrastructure\KayakCove.Infrastructure.csproj", "{0EA67CE8-DD72-47E2-9F32-646B911D14B7}"
EndProject
Project("{FAE04EC0-301F-11D3-BF4B-00C04F79EFBC}") = "KayakCove.Application", "KayakCove.Application\KayakCove.Application.csproj", "{98B2DC16-8222-4853-B845-853A9A6BD4DB}"
EndProject
Project("{FAE04EC0-301F-11D3-BF4B-00C04F79EFBC}") = "KayakCove.Web", "KayakCove.Web\KayakCove.Web.csproj", "{7606DD94-1CD7-46CF-A519-A8ECDE458A59}"
EndProject
Project("{FAE04EC0-301F-11D3-BF4B-00C04F79EFBC}") = "KayakCove.Api", "KayakCove.Api\KayakCove.Api.csproj", "{86844FEE-0204-4F3C-B862-3D8233A819F4}"
EndProject
Global
	GlobalSection(SolutionConfigurationPlatforms) = preSolution
		Debug|Any CPU = Debug|Any CPU
		Release|Any CPU = Release|Any CPU
	EndGlobalSection
	GlobalSection(ProjectConfigurationPlatforms) = postSolution
		{6368DACA-8712-449D-87B7-96FA52DA6062}.Debug|Any CPU.ActiveCfg = Debug|Any CPU
		{6368DACA-8712-449D-87B7-96FA52DA6062}.Debug|Any CPU.Build.0 = Debug|Any CPU
		{6368DACA-8712-449D-87B7-96FA52DA6062}.Release|Any CPU.ActiveCfg = Release|Any CPU
		{6368DACA-8712-449D-87B7-96FA52DA6062}.Release|Any CPU.Build.0 = Release|Any CPU
		{0EA67CE8-DD72-47E2-9F32-646B911D14B7}.Debug|Any CPU.ActiveCfg = Debug|Any CPU
		{0EA67CE8-DD72-47E2-9F32-646B911D14B7}.Debug|Any CPU.Build.0 = Debug|Any CPU
		{0EA67CE8-DD72-47E2-9F32-646B911D14B7}.Release|Any CPU.ActiveCfg = Release|Any CPU
		{0EA67CE8-DD72-47E2-9F32-646B911D14B7}.Release|Any CPU.Build.0 = Release|Any CPU
		{98B2DC16-8222-4853-B845-853A9A6BD4DB}.Debug|Any CPU.ActiveCfg = Debug|Any CPU
		{98B2DC16-8222-4853-B845-853A9A6BD4DB}.Debug|Any CPU.Build.0 = Debug|Any CPU
		{98B2DC16-8222-4853-B845-853A9A6BD4DB}.Release|Any CPU.ActiveCfg = Release|Any CPU
		{98B2DC16-8222-4853-B845-853A9A6BD4DB}.Release|Any CPU.Build.0 = Release|Any CPU
		{7606DD94-1CD7-46CF-A519-A8ECDE458A59}.Debug|Any CPU.ActiveCfg = Debug|Any CPU
		{7606DD94-1CD7-46CF-A519-A8ECDE458A59}.Debug|Any CPU.Build.0 = Debug|Any CPU
		{7606DD94-1CD7-46CF-A519-A8ECDE458A59}.Release|Any CPU.ActiveCfg = Release|Any CPU
		{7606DD94-1CD7-46CF-A519-A8ECDE458A59}.Release|Any CPU.Build.0 = Release|Any CPU
		{86844FEE-0204-4F3C-B862-3D8233A819F4}.Debug|Any CPU.ActiveCfg = Debug|Any CPU
		{86844FEE-0204-4F3C-B862-3D8233A819F4}.Debug|Any CPU.Build.0 = Debug|Any CPU
		{86844FEE-0204-4F3C-B862-3D8233A819F4}.Release|Any CPU.ActiveCfg = Release|Any CPU
		{86844FEE-0204-4F3C-B862-3D8233A819F4}.Release|Any CPU.Build.0 = Release|Any CPU
	EndGlobalSection
	GlobalSection(SolutionProperties) = preSolution
		HideSolutionNode = FALSE
	EndGlobalSection
	GlobalSection(ExtensibilityGlobals) = postSolution
		SolutionGuid = {F574A2A7-E84C-47DD-9CE0-1A16EEA8A73C}
	EndGlobalSection
EndGlobal
